# This file is automatically @generated by Cargo.
# It is not intended for manual editing.
version = 3

[[package]]
name = "calculator"
version = "0.1.0"
dependencies = [
 "question",
]

[[package]]
name = "question"
version = "0.2.2"
source = "registry+https://github.com/rust-lang/crates.io-index"
checksum = "acbb3ede7a8f9a8ab89e714637f2cf40001b58f21340d4242b2f11533e65fa8d"
